// !$*UTF8*$!
{
	archiveVersion = 1;
	classes = {
	};
	objectVersion = 55;
	objects = {

/* Begin PBXBuildFile section */
		AEC14BE7280FCB1F00CFE8D1 /* AppDelegate.swift in Sources */ = {isa = PBXBuildFile; fileRef = AEC14BE6280FCB1F00CFE8D1 /* AppDelegate.swift */; };
		AEC14BE9280FCB1F00CFE8D1 /* SceneDelegate.swift in Sources */ = {isa = PBXBuildFile; fileRef = AEC14BE8280FCB1F00CFE8D1 /* SceneDelegate.swift */; };
		AEC14BEB280FCB1F00CFE8D1 /* ViewController.swift in Sources */ = {isa = PBXBuildFile; fileRef = AEC14BEA280FCB1F00CFE8D1 /* ViewController.swift */; };
		AEC14BEE280FCB1F00CFE8D1 /* Main.storyboard in Resources */ = {isa = PBXBuildFile; fileRef = AEC14BEC280FCB1F00CFE8D1 /* Main.storyboard */; };
		AEC14BF0280FCB2300CFE8D1 /* Assets.xcassets in Resources */ = {isa = PBXBuildFile; fileRef = AEC14BEF280FCB2300CFE8D1 /* Assets.xcassets */; };
		AEC14BF3280FCB2300CFE8D1 /* LaunchScreen.storyboard in Resources */ = {isa = PBXBuildFile; fileRef = AEC14BF1280FCB2300CFE8D1 /* LaunchScreen.storyboard */; };
		AEC14C00280FCD8100CFE8D1 /* HeaderandfooterTVCellTableViewCell.swift in Sources */ = {isa = PBXBuildFile; fileRef = AEC14BFE280FCD8100CFE8D1 /* HeaderandfooterTVCellTableViewCell.swift */; };
		AEC14C01280FCD8100CFE8D1 /* HeaderandfooterTVCellTableViewCell.xib in Resources */ = {isa = PBXBuildFile; fileRef = AEC14BFF280FCD8100CFE8D1 /* HeaderandfooterTVCellTableViewCell.xib */; };
		AEC14C0528100AEE00CFE8D1 /* tabeldata.json in Resources */ = {isa = PBXBuildFile; fileRef = AEC14C0428100AEE00CFE8D1 /* tabeldata.json */; };
		AEC14C072810159600CFE8D1 /* ModelForTabelData.swift in Sources */ = {isa = PBXBuildFile; fileRef = AEC14C062810159600CFE8D1 /* ModelForTabelData.swift */; };
/* End PBXBuildFile section */

/* Begin PBXFileReference section */
		AEC14BE3280FCB1F00CFE8D1 /* HeaderandFooterView.app */ = {isa = PBXFileReference; explicitFileType = wrapper.application; includeInIndex = 0; path = HeaderandFooterView.app; sourceTree = BUILT_PRODUCTS_DIR; };
		AEC14BE6280FCB1F00CFE8D1 /* AppDelegate.swift */ = {isa = PBXFileReference; lastKnownFileType = sourcecode.swift; path = AppDelegate.swift; sourceTree = "<group>"; };
		AEC14BE8280FCB1F00CFE8D1 /* SceneDelegate.swift */ = {isa = PBXFileReference; lastKnownFileType = sourcecode.swift; path = SceneDelegate.swift; sourceTree = "<group>"; };
		AEC14BEA280FCB1F00CFE8D1 /* ViewController.swift */ = {isa = PBXFileReference; lastKnownFileType = sourcecode.swift; path = ViewController.swift; sourceTree = "<group>"; };
		AEC14BED280FCB1F00CFE8D1 /* Base */ = {isa = PBXFileReference; lastKnownFileType = file.storyboard; name = Base; path = Base.lproj/Main.storyboard; sourceTree = "<group>"; };
		AEC14BEF280FCB2300CFE8D1 /* Assets.xcassets */ = {isa = PBXFileReference; lastKnownFileType = folder.assetcatalog; path = Assets.xcassets; sourceTree = "<group>"; };
		AEC14BF2280FCB2300CFE8D1 /* Base */ = {isa = PBXFileReference; lastKnownFileType = file.storyboard; name = Base; path = Base.lproj/LaunchScreen.storyboard; sourceTree = "<group>"; };
		AEC14BF4280FCB2300CFE8D1 /* Info.plist */ = {isa = PBXFileReference; lastKnownFileType = text.plist.xml; path = Info.plist; sourceTree = "<group>"; };
		AEC14BFE280FCD8100CFE8D1 /* HeaderandfooterTVCellTableViewCell.swift */ = {isa = PBXFileReference; lastKnownFileType = sourcecode.swift; path = HeaderandfooterTVCellTableViewCell.swift; sourceTree = "<group>"; };
		AEC14BFF280FCD8100CFE8D1 /* HeaderandfooterTVCellTableViewCell.xib */ = {isa = PBXFileReference; lastKnownFileType = file.xib; path = HeaderandfooterTVCellTableViewCell.xib; sourceTree = "<group>"; };
		AEC14C0428100AEE00CFE8D1 /* tabeldata.json */ = {isa = PBXFileReference; lastKnownFileType = text.json; path = tabeldata.json; sourceTree = "<group>"; };
		AEC14C062810159600CFE8D1 /* ModelForTabelData.swift */ = {isa = PBXFileReference; lastKnownFileType = sourcecode.swift; path = ModelForTabelData.swift; sourceTree = "<group>"; };
/* End PBXFileReference section */

/* Begin PBXFrameworksBuildPhase section */
		AEC14BE0280FCB1F00CFE8D1 /* Frameworks */ = {
			isa = PBXFrameworksBuildPhase;
			buildActionMask = 2147483647;
			files = (
			);
			runOnlyForDeploymentPostprocessing = 0;
		};
/* End PBXFrameworksBuildPhase section */

/* Begin PBXGroup section */
		AEC14BDA280FCB1F00CFE8D1 = {
			isa = PBXGroup;
			children = (
				AEC14BE5280FCB1F00CFE8D1 /* HeaderandFooterView */,
				AEC14BE4280FCB1F00CFE8D1 /* Products */,
			);
			sourceTree = "<group>";
		};
		AEC14BE4280FCB1F00CFE8D1 /* Products */ = {
			isa = PBXGroup;
			children = (
				AEC14BE3280FCB1F00CFE8D1 /* HeaderandFooterView.app */,
			);
			name = Products;
			sourceTree = "<group>";
		};
		AEC14BE5280FCB1F00CFE8D1 /* HeaderandFooterView */ = {
			isa = PBXGroup;
			children = (
				AEC14BE6280FCB1F00CFE8D1 /* AppDelegate.swift */,
				AEC14BE8280FCB1F00CFE8D1 /* SceneDelegate.swift */,
				AEC14BEA280FCB1F00CFE8D1 /* ViewController.swift */,
				AEC14BEC280FCB1F00CFE8D1 /* Main.storyboard */,
				AEC14BEF280FCB2300CFE8D1 /* Assets.xcassets */,
				AEC14BF1280FCB2300CFE8D1 /* LaunchScreen.storyboard */,
				AEC14BF4280FCB2300CFE8D1 /* Info.plist */,
				AEC14BFE280FCD8100CFE8D1 /* HeaderandfooterTVCellTableViewCell.swift */,
				AEC14BFF280FCD8100CFE8D1 /* HeaderandfooterTVCellTableViewCell.xib */,
				AEC14C0428100AEE00CFE8D1 /* tabeldata.json */,
				AEC14C062810159600CFE8D1 /* ModelForTabelData.swift */,
			);
			path = HeaderandFooterView;
			sourceTree = "<group>";
		};
/* End PBXGroup section */

/* Begin PBXNativeTarget section */
		AEC14BE2280FCB1F00CFE8D1 /* HeaderandFooterView */ = {
			isa = PBXNativeTarget;
			buildConfigurationList = AEC14BF7280FCB2300CFE8D1 /* Build configuration list for PBXNativeTarget "HeaderandFooterView" */;
			buildPhases = (
				AEC14BDF280FCB1F00CFE8D1 /* Sources */,
				AEC14BE0280FCB1F00CFE8D1 /* Frameworks */,
				AEC14BE1280FCB1F00CFE8D1 /* Resources */,
			);
			buildRules = (
			);
			dependencies = (
			);
			name = HeaderandFooterView;
			productName = HeaderandFooterView;
			productReference = AEC14BE3280FCB1F00CFE8D1 /* HeaderandFooterView.app */;
			productType = "com.apple.product-type.application";
		};
/* End PBXNativeTarget section */

/* Begin PBXProject section */
		AEC14BDB280FCB1F00CFE8D1 /* Project object */ = {
			isa = PBXProject;
			attributes = {
				BuildIndependentTargetsInParallel = 1;
				LastSwiftUpdateCheck = 1330;
				LastUpgradeCheck = 1330;
				TargetAttributes = {
					AEC14BE2280FCB1F00CFE8D1 = {
						CreatedOnToolsVersion = 13.3.1;
					};
				};
			};
			buildConfigurationList = AEC14BDE280FCB1F00CFE8D1 /* Build configuration list for PBXProject "HeaderandFooterView" */;
			compatibilityVersion = "Xcode 13.0";
			developmentRegion = en;
			hasScannedForEncodings = 0;
			knownRegions = (
				en,
				Base,
			);
			mainGroup = AEC14BDA280FCB1F00CFE8D1;
			productRefGroup = AEC14BE4280FCB1F00CFE8D1 /* Products */;
			projectDirPath = "";
			projectRoot = "";
			targets = (
				AEC14BE2280FCB1F00CFE8D1 /* HeaderandFooterView */,
			);
		};
/* End PBXProject section */

/* Begin PBXResourcesBuildPhase section */
		AEC14BE1280FCB1F00CFE8D1 /* Resources */ = {
			isa = PBXResourcesBuildPhase;
			buildActionMask = 2147483647;
			files = (
				AEC14BF3280FCB2300CFE8D1 /* LaunchScreen.storyboard in Resources */,
				AEC14BF0280FCB2300CFE8D1 /* Assets.xcassets in Resources */,
				AEC14BEE280FCB1F00CFE8D1 /* Main.storyboard in Resources */,
				AEC14C0528100AEE00CFE8D1 /* tabeldata.json in Resources */,
				AEC14C01280FCD8100CFE8D1 /* HeaderandfooterTVCellTableViewCell.xib in Resources */,
			);
			runOnlyForDeploymentPostprocessing = 0;
		};
/* End PBXResourcesBuildPhase section */

/* Begin PBXSourcesBuildPhase section */
		AEC14BDF280FCB1F00CFE8D1 /* Sources */ = {
			isa = PBXSourcesBuildPhase;
			buildActionMask = 2147483647;
			files = (
				AEC14BEB280FCB1F00CFE8D1 /* ViewController.swift in Sources */,
				AEC14C072810159600CFE8D1 /* ModelForTabelData.swift in Sources */,
				AEC14BE7280FCB1F00CFE8D1 /* AppDelegate.swift in Sources */,
				AEC14BE9280FCB1F00CFE8D1 /* SceneDelegate.swift in Sources */,
				AEC14C00280FCD8100CFE8D1 /* HeaderandfooterTVCellTableViewCell.swift in Sources */,
			);
			runOnlyForDeploymentPostprocessing = 0;
		};
/* End PBXSourcesBuildPhase section */

/* Begin PBXVariantGroup section */
		AEC14BEC280FCB1F00CFE8D1 /* Main.storyboard */ = {
			isa = PBXVariantGroup;
			children = (
				AEC14BED280FCB1F00CFE8D1 /* Base */,
			);
			name = Main.storyboard;
			sourceTree = "<group>";
		};
		AEC14BF1280FCB2300CFE8D1 /* LaunchScreen.storyboard */ = {
			isa = PBXVariantGroup;
			children = (
				AEC14BF2280FCB2300CFE8D1 /* Base */,
			);
			name = LaunchScreen.storyboard;
			sourceTree = "<group>";
		};
/* End PBXVariantGroup section */

/* Begin XCBuildConfiguration section */
		AEC14BF5280FCB2300CFE8D1 /* Debug */ = {
			isa = XCBuildConfiguration;
			buildSettings = {
				ALWAYS_SEARCH_USER_PATHS = NO;
				CLANG_ANALYZER_NONNULL = YES;
				CLANG_ANALYZER_NUMBER_OBJECT_CONVERSION = YES_AGGRESSIVE;
				CLANG_CXX_LANGUAGE_STANDARD = "gnu++17";
				CLANG_ENABLE_MODULES = YES;
				CLANG_ENABLE_OBJC_ARC = YES;
				CLANG_ENABLE_OBJC_WEAK = YES;
				CLANG_WARN_BLOCK_CAPTURE_AUTORELEASING = YES;
				CLANG_WARN_BOOL_CONVERSION = YES;
				CLANG_WARN_COMMA = YES;
				CLANG_WARN_CONSTANT_CONVERSION = YES;
				CLANG_WARN_DEPRECATED_OBJC_IMPLEMENTATIONS = YES;
				CLANG_WARN_DIRECT_OBJC_ISA_USAGE = YES_ERROR;
				CLANG_WARN_DOCUMENTATION_COMMENTS = YES;
				CLANG_WARN_EMPTY_BODY = YES;
				CLANG_WARN_ENUM_CONVERSION = YES;
				CLANG_WARN_INFINITE_RECURSION = YES;
				CLANG_WARN_INT_CONVERSION = YES;
				CLANG_WARN_NON_LITERAL_NULL_CONVERSION = YES;
				CLANG_WARN_OBJC_IMPLICIT_RETAIN_SELF = YES;
				CLANG_WARN_OBJC_LITERAL_CONVERSION = YES;
				CLANG_WARN_OBJC_ROOT_CLASS = YES_ERROR;
				CLANG_WARN_QUOTED_INCLUDE_IN_FRAMEWORK_HEADER = YES;
				CLANG_WARN_RANGE_LOOP_ANALYSIS = YES;
				CLANG_WARN_STRICT_PROTOTYPES = YES;
				CLANG_WARN_SUSPICIOUS_MOVE = YES;
				CLANG_WARN_UNGUARDED_AVAILABILITY = YES_AGGRESSIVE;
				CLANG_WARN_UNREACHABLE_CODE = YES;
				CLANG_WARN__DUPLICATE_METHOD_MATCH = YES;
				COPY_PHASE_STRIP = NO;
				DEBUG_INFORMATION_FORMAT = dwarf;
				ENABLE_STRICT_OBJC_MSGSEND = YES;
				ENABLE_TESTABILITY = YES;
				GCC_C_LANGUAGE_STANDARD = gnu11;
				GCC_DYNAMIC_NO_PIC = NO;
				GCC_NO_COMMON_BLOCKS = YES;
				GCC_OPTIMIZATION_LEVEL = 0;
				GCC_PREPROCESSOR_DEFINITIONS = (
					"DEBUG=1",
					"$(inherited)",
				);
				GCC_WARN_64_TO_32_BIT_CONVERSION = YES;
				GCC_WARN_ABOUT_RETURN_TYPE = YES_ERROR;
				GCC_WARN_UNDECLARED_SELECTOR = YES;
				GCC_WARN_UNINITIALIZED_AUTOS = YES_AGGRESSIVE;
				GCC_WARN_UNUSED_FUNCTION = YES;
				GCC_WARN_UNUSED_VARIABLE = YES;
				IPHONEOS_DEPLOYMENT_TARGET = 15.4;
				MTL_ENABLE_DEBUG_INFO = INCLUDE_SOURCE;
				MTL_FAST_MATH = YES;
				ONLY_ACTIVE_ARCH = YES;
				SDKROOT = iphoneos;
				SWIFT_ACTIVE_COMPILATION_CONDITIONS = DEBUG;
				SWIFT_OPTIMIZATION_LEVEL = "-Onone";
			};
			name = Debug;
		};
		AEC14BF6280FCB2300CFE8D1 /* Release */ = {
			isa = XCBuildConfiguration;
			buildSettings = {
				ALWAYS_SEARCH_USER_PATHS = NO;
				CLANG_ANALYZER_NONNULL = YES;
				CLANG_ANALYZER_NUMBER_OBJECT_CONVERSION = YES_AGGRESSIVE;
				CLANG_CXX_LANGUAGE_STANDARD = "gnu++17";
				CLANG_ENABLE_MODULES = YES;
				CLANG_ENABLE_OBJC_ARC = YES;
				CLANG_ENABLE_OBJC_WEAK = YES;
				CLANG_WARN_BLOCK_CAPTURE_AUTORELEASING = YES;
				CLANG_WARN_BOOL_CONVERSION = YES;
				CLANG_WARN_COMMA = YES;
				CLANG_WARN_CONSTANT_CONVERSION = YES;
				CLANG_WARN_DEPRECATED_OBJC_IMPLEMENTATIONS = YES;
				CLANG_WARN_DIRECT_OBJC_ISA_USAGE = YES_ERROR;
				CLANG_WARN_DOCUMENTATION_COMMENTS = YES;
				CLANG_WARN_EMPTY_BODY = YES;
				CLANG_WARN_ENUM_CONVERSION = YES;
				CLANG_WARN_INFINITE_RECURSION = YES;
				CLANG_WARN_INT_CONVERSION = YES;
				CLANG_WARN_NON_LITERAL_NULL_CONVERSION = YES;
				CLANG_WARN_OBJC_IMPLICIT_RETAIN_SELF = YES;
				CLANG_WARN_OBJC_LITERAL_CONVERSION = YES;
				CLANG_WARN_OBJC_ROOT_CLASS = YES_ERROR;
				CLANG_WARN_QUOTED_INCLUDE_IN_FRAMEWORK_HEADER = YES;
				CLANG_WARN_RANGE_LOOP_ANALYSIS = YES;
				CLANG_WARN_STRICT_PROTOTYPES = YES;
				CLANG_WARN_SUSPICIOUS_MOVE = YES;
				CLANG_WARN_UNGUARDED_AVAILABILITY = YES_AGGRESSIVE;
				CLANG_WARN_UNREACHABLE_CODE = YES;
				CLANG_WARN__DUPLICATE_METHOD_MATCH = YES;
				COPY_PHASE_STRIP = NO;
				DEBUG_INFORMATION_FORMAT = "dwarf-with-dsym";
				ENABLE_NS_ASSERTIONS = NO;
				ENABLE_STRICT_OBJC_MSGSEND = YES;
				GCC_C_LANGUAGE_STANDARD = gnu11;
				GCC_NO_COMMON_BLOCKS = YES;
				GCC_WARN_64_TO_32_BIT_CONVERSION = YES;
				GCC_WARN_ABOUT_RETURN_TYPE = YES_ERROR;
				GCC_WARN_UNDECLARED_SELECTOR = YES;
				GCC_WARN_UNINITIALIZED_AUTOS = YES_AGGRESSIVE;
				GCC_WARN_UNUSED_FUNCTION = YES;
				GCC_WARN_UNUSED_VARIABLE = YES;
				IPHONEOS_DEPLOYMENT_TARGET = 15.4;
				MTL_ENABLE_DEBUG_INFO = NO;
				MTL_FAST_MATH = YES;
				SDKROOT = iphoneos;
				SWIFT_COMPILATION_MODE = wholemodule;
				SWIFT_OPTIMIZATION_LEVEL = "-O";
				VALIDATE_PRODUCT = YES;
			};
			name = Release;
		};
		AEC14BF8280FCB2300CFE8D1 /* Debug */ = {
			isa = XCBuildConfiguration;
			buildSettings = {
				ASSETCATALOG_COMPILER_APPICON_NAME = AppIcon;
				ASSETCATALOG_COMPILER_GLOBAL_ACCENT_COLOR_NAME = AccentColor;
				CODE_SIGN_STYLE = Automatic;
				CURRENT_PROJECT_VERSION = 1;
				GENERATE_INFOPLIST_FILE = YES;
				INFOPLIST_FILE = HeaderandFooterView/Info.plist;
				INFOPLIST_KEY_UIApplicationSupportsIndirectInputEvents = YES;
				INFOPLIST_KEY_UILaunchStoryboardName = LaunchScreen;
				INFOPLIST_KEY_UIMainStoryboardFile = Main;
				INFOPLIST_KEY_UISupportedInterfaceOrientations_iPad = "UIInterfaceOrientationPortrait UIInterfaceOrientationPortraitUpsideDown UIInterfaceOrientationLandscapeLeft UIInterfaceOrientationLandscapeRight";
				INFOPLIST_KEY_UISupportedInterfaceOrientations_iPhone = "UIInterfaceOrientationPortrait UIInterfaceOrientationLandscapeLeft UIInterfaceOrientationLandscapeRight";
				LD_RUNPATH_SEARCH_PATHS = (
					"$(inherited)",
					"@executable_path/Frameworks",
				);
				MARKETING_VERSION = 1.0;
				PRODUCT_BUNDLE_IDENTIFIER = codebele.HeaderandFooterView;
				PRODUCT_NAME = "$(TARGET_NAME)";
				SWIFT_EMIT_LOC_STRINGS = YES;
				SWIFT_VERSION = 5.0;
				TARGETED_DEVICE_FAMILY = "1,2";
			};
			name = Debug;
		};
		AEC14BF9280FCB2300CFE8D1 /* Release */ = {
			isa = XCBuildConfiguration;
			buildSettings = {
				ASSETCATALOG_COMPILER_APPICON_NAME = AppIcon;
				ASSETCATALOG_COMPILER_GLOBAL_ACCENT_COLOR_NAME = AccentColor;
				CODE_SIGN_STYLE = Automatic;
				CURRENT_PROJECT_VERSION = 1;
				GENERATE_INFOPLIST_FILE = YES;
				INFOPLIST_FILE = HeaderandFooterView/Info.plist;
				INFOPLIST_KEY_UIApplicationSupportsIndirectInputEvents = YES;
				INFOPLIST_KEY_UILaunchStoryboardName = LaunchScreen;
				INFOPLIST_KEY_UIMainStoryboardFile = Main;
				INFOPLIST_KEY_UISupportedInterfaceOrientations_iPad = "UIInterfaceOrientationPortrait UIInterfaceOrientationPortraitUpsideDown UIInterfaceOrientationLandscapeLeft UIInterfaceOrientationLandscapeRight";
				INFOPLIST_KEY_UISupportedInterfaceOrientations_iPhone = "UIInterfaceOrientationPortrait UIInterfaceOrientationLandscapeLeft UIInterfaceOrientationLandscapeRight";
				LD_RUNPATH_SEARCH_PATHS = (
					"$(inherited)",
					"@executable_path/Frameworks",
				);
				MARKETING_VERSION = 1.0;
				PRODUCT_BUNDLE_IDENTIFIER = codebele.HeaderandFooterView;
				PRODUCT_NAME = "$(TARGET_NAME)";
				SWIFT_EMIT_LOC_STRINGS = YES;
				SWIFT_VERSION = 5.0;
				TARGETED_DEVICE_FAMILY = "1,2";
			};
			name = Release;
		};
/* End XCBuildConfiguration section */

/* Begin XCConfigurationList section */
		AEC14BDE280FCB1F00CFE8D1 /* Build configuration list for PBXProject "HeaderandFooterView" */ = {
			isa = XCConfigurationList;
			buildConfigurations = (
				AEC14BF5280FCB2300CFE8D1 /* Debug */,
				AEC14BF6280FCB2300CFE8D1 /* Release */,
			);
			defaultConfigurationIsVisible = 0;
			defaultConfigurationName = Release;
		};
		AEC14BF7280FCB2300CFE8D1 /* Build configuration list for PBXNativeTarget "HeaderandFooterView" */ = {
			isa = XCConfigurationList;
			buildConfigurations = (
				AEC14BF8280FCB2300CFE8D1 /* Debug */,
				AEC14BF9280FCB2300CFE8D1 /* Release */,
			);
			defaultConfigurationIsVisible = 0;
			defaultConfigurationName = Release;
		};
/* End XCConfigurationList section */
	};
	rootObject = AEC14BDB280FCB1F00CFE8D1 /* Project object */;
}
